{
  "name": "retra-static",
  "version": "1.0.0",
  "lockfileVersion": 1,
  "requires": true,
  "dependencies": {
    "centra": {
      "version": "2.0.1",
      "resolved": "https://registry.npmjs.org/centra/-/centra-2.0.1.tgz",
      "integrity": "sha512-kXh/uxlUjUyowLihHcnFmYdGvgEB3gJ7ctDffcxaUr7KgJVnzDZ3G1Z6zXw22OXkLex1wgdIti3eflZcIKyxvg==",
      "dev": true
    },
    "retra": {
      "version": "1.0.1",
      "resolved": "https://registry.npmjs.org/retra/-/retra-1.0.1.tgz",
      "integrity": "sha512-kFtWWEXIRuIqCnEB0F9btgxZHmasvkspGGGr+kDHA/9pkE5Qt3KjNL7zVnJRHZvBbvHtpNvek8bfKsFRaryIeA==",
      "dev": true
    },
    "whew": {
      "version": "1.1.3",
      "resolved": "https://registry.npmjs.org/whew/-/whew-1.1.3.tgz",
      "integrity": "sha512-o0IBwKhIIzctCRTUn+ELBcXmWZEzhppnus5NEMzd2m17OPEECox2ySQHrS9Xg7OPOQ7cvYZEM2C5TtKmw23G2g==",
      "dev": true
    }
  }
}
